lockfileVersion: 5.3

importers:

  .:
    specifiers: {}

  apps/001-hello-react:
    specifiers:
      '@speedy-js/speedy-core': latest
      '@types/react': latest
      '@types/react-dom': latest
      react: 17.0.2
      react-dom: 17.0.2
      typescript: latest
    dependencies:
      react: 17.0.2
      react-dom: 17.0.2_react@17.0.2
    devDependencies:
      '@speedy-js/speedy-core': 0.9.0
      '@types/react': 17.0.38
      '@types/react-dom': 17.0.11
      typescript: 4.5.5

packages:

  /@polka/url/1.0.0-next.21:
    resolution: {integrity: sha512-a5Sab1C4/icpTZVzZc5Ghpz88yQtGOyNqYXcZgOssB2uuAr+wF/MvN6bgtW32q7HHrvBki+BsZ0OuNv6EV3K9g==}
    dev: true

  /@speedy-js/source-map-android-arm-eabi/0.1.2:
    resolution: {integrity: sha512-9PQKZRUfpFm53c3DI5s8ACb07q31bzc2LqCKa7GFM47KxFxFEVcJsKSV8tClFaK1Y/HYWOxuSJZfe5C+WIBB5w==}
    engines: {node: '>= 10'}
    cpu: [arm]
    os: [android]
    requiresBuild: true
    dev: true
    optional: true

  /@speedy-js/source-map-android-arm64/0.1.2:
    resolution: {integrity: sha512-quoh0vpyLZVvAfTu87/q9VXypDESE4mrCJLcoNAyt3v/pxtV6eFioL/OOnahxdaO5ItpIM+HnxAmehoMe07HxA==}
    engines: {node: '>= 10'}
    cpu: [arm64]
    os: [android]
    requiresBuild: true
    dev: true
    optional: true

  /@speedy-js/source-map-darwin-arm64/0.1.2:
    resolution: {integrity: sha512-pef3yzTNB+XSuguE1fXuYUtEIWHhWf/VL+beWvAF312ERMoTNLi2pBLL0S5BB1guOhIVRlagcOAeIMK4545bOA==}
    engines: {node: '>= 10'}
    cpu: [arm64]
    os: [darwin]
    requiresBuild: true
    dev: true
    optional: true

  /@speedy-js/source-map-darwin-x64/0.1.2:
    resolution: {integrity: sha512-g7D8tHuN4+cwuP9MWjY2prvC1rWKKMy9GHFmFWAIuzwbFH3bFJeEpysa+grjSOEgJ6Tjxt60izXFUMY/MXzu/Q==}
    engines: {node: '>= 10'}
    cpu: [x64]
    os: [darwin]
    requiresBuild: true
    dev: true
    optional: true

  /@speedy-js/source-map-linux-arm-gnueabihf/0.1.2:
    resolution: {integrity: sha512-OITe0uaNM7n3+Fu78cTjprce38+PtF2rL4zabI3yIBCkO2gaP0KyM4a4ChQHIycGtMIi69BltJrZPz1pdotAdw==}
    engines: {node: '>= 10'}
    cpu: [arm]
    os: [linux]
    requiresBuild: true
    dev: true
    optional: true

  /@speedy-js/source-map-linux-arm64-gnu/0.1.2:
    resolution: {integrity: sha512-Wpx3hDnrL3JlQ74JaAnAkKZmO6J110iH2d0t3fDHukugyI8D7M3yS0R3CHkzx94c3rhPLCbx2mYskDK9UAUHbw==}
    engines: {node: '>= 10'}
    cpu: [arm64]
    os: [linux]
    requiresBuild: true
    dev: true
    optional: true

  /@speedy-js/source-map-linux-arm64-musl/0.1.2:
    resolution: {integrity: sha512-iMi761StI1OYZR8/rvHWEQ8IJFpVJnv27j8JzBvJh3nRJsQBk8GNOxkxXwy2ZNWbwoKC/bGLzNPzLj2WB5aCmQ==}
    engines: {node: '>= 10'}
    cpu: [arm64]
    os: [linux]
    requiresBuild: true
    dev: true
    optional: true

  /@speedy-js/source-map-linux-x64-gnu/0.1.2:
    resolution: {integrity: sha512-r9dqyteliFKR76mw2X8Ota+rrnDg55GWsc99w7cj44q0WlgNWLdwCn81NMkGSgEySDhBEcXxewsX97EMcx/WMA==}
    engines: {node: '>= 10'}
    cpu: [x64]
    os: [linux]
    requiresBuild: true
    dev: true
    optional: true

  /@speedy-js/source-map-linux-x64-musl/0.1.2:
    resolution: {integrity: sha512-ACLuQ52au30Ecw6HCaxb++vrrf1ADUQsYdUJF+jXkgAzN9Fh6Ynbq+z/ba/BUw3Fcfq9vte6TO+LGMvukYtzrg==}
    engines: {node: '>= 10'}
    cpu: [x64]
    os: [linux]
    requiresBuild: true
    dev: true
    optional: true

  /@speedy-js/source-map-win32-arm64-msvc/0.1.2:
    resolution: {integrity: sha512-nL5NJo97h9rFzduvMriwX4n9OISrKv4et20crC3KW1fm+xqxKop84in5/EG/jqQQInOzs+BbnTZkTmYCKLVdJQ==}
    engines: {node: '>= 10'}
    cpu: [arm64]
    os: [win32]
    requiresBuild: true
    dev: true
    optional: true

  /@speedy-js/source-map-win32-ia32-msvc/0.1.2:
    resolution: {integrity: sha512-G+xZ3a8FZQ4Ej+I05xMDrK7tOpHACxEoyvTf9bdXegqQUH83G4Tg3GcpvdWKqkutN1oo7NgVOQfamaSBY7r3nA==}
    engines: {node: '>= 10'}
    cpu: [ia32]
    os: [win32]
    requiresBuild: true
    dev: true
    optional: true

  /@speedy-js/source-map-win32-x64-msvc/0.1.2:
    resolution: {integrity: sha512-K4INp4YdKumvhwT6v8PJdtIdd5ceskxQaLTIf5aQ+GT0tbMG76MeT0BK4igbi98SOHWHlPCuSaiH17jWfhDdKA==}
    engines: {node: '>= 10'}
    cpu: [x64]
    os: [win32]
    requiresBuild: true
    dev: true
    optional: true

  /@speedy-js/source-map/0.1.2:
    resolution: {integrity: sha512-RJkQuxTPNKBFU5KGEj0S1foX2Z/6lBsNETWsoTqvjoLXZfb+A7tSLZfC/dMRYQNYcCIf6UpMJxJT/xmD83pZ4Q==}
    engines: {node: '>= 10'}
    optionalDependencies:
      '@speedy-js/source-map-android-arm-eabi': 0.1.2
      '@speedy-js/source-map-android-arm64': 0.1.2
      '@speedy-js/source-map-darwin-arm64': 0.1.2
      '@speedy-js/source-map-darwin-x64': 0.1.2
      '@speedy-js/source-map-linux-arm-gnueabihf': 0.1.2
      '@speedy-js/source-map-linux-arm64-gnu': 0.1.2
      '@speedy-js/source-map-linux-arm64-musl': 0.1.2
      '@speedy-js/source-map-linux-x64-gnu': 0.1.2
      '@speedy-js/source-map-linux-x64-musl': 0.1.2
      '@speedy-js/source-map-win32-arm64-msvc': 0.1.2
      '@speedy-js/source-map-win32-ia32-msvc': 0.1.2
      '@speedy-js/source-map-win32-x64-msvc': 0.1.2
    dev: true

  /@speedy-js/speedy-core/0.9.0:
    resolution: {integrity: sha512-S4jJPsHshvy/15O6sRjR+zqYWuOVoU/L7/PlrCMCXrnrdWj1iDxcmMFNom/GxADTP9WMUWDYDhjkAV3h/DbfEQ==}
    hasBin: true
    dependencies:
      '@speedy-js/source-map': 0.1.2
      esbuild: 0.14.5
      webpack-bundle-analyzer: 4.5.0
    transitivePeerDependencies:
      - bufferutil
      - utf-8-validate
    dev: true

  /@types/prop-types/15.7.4:
    resolution: {integrity: sha512-rZ5drC/jWjrArrS8BR6SIr4cWpW09RNTYt9AMZo3Jwwif+iacXAqgVjm0B0Bv/S1jhDXKHqRVNCbACkJ89RAnQ==}
    dev: true

  /@types/react-dom/17.0.11:
    resolution: {integrity: sha512-f96K3k+24RaLGVu/Y2Ng3e1EbZ8/cVJvypZWd7cy0ofCBaf2lcM46xNhycMZ2xGwbBjRql7hOlZ+e2WlJ5MH3Q==}
    dependencies:
      '@types/react': 17.0.38
    dev: true

  /@types/react/17.0.38:
    resolution: {integrity: sha512-SI92X1IA+FMnP3qM5m4QReluXzhcmovhZnLNm3pyeQlooi02qI7sLiepEYqT678uNiyc25XfCqxREFpy3W7YhQ==}
    dependencies:
      '@types/prop-types': 15.7.4
      '@types/scheduler': 0.16.2
      csstype: 3.0.10
    dev: true

  /@types/scheduler/0.16.2:
    resolution: {integrity: sha512-hppQEBDmlwhFAXKJX2KnWLYu5yMfi91yazPb2l+lbJiwW+wdo1gNeRA+3RgNSO39WYX2euey41KEwnqesU2Jew==}
    dev: true

  /acorn-walk/8.2.0:
    resolution: {integrity: sha512-k+iyHEuPgSw6SbuDpGQM+06HQUa04DZ3o+F6CSzXMvvI5KMvnaEqXe+YVe555R9nn6GPt404fos4wcgpw12SDA==}
    engines: {node: '>=0.4.0'}
    dev: true

  /acorn/8.7.0:
    resolution: {integrity: sha512-V/LGr1APy+PXIwKebEWrkZPwoeoF+w1jiOBUmuxuiUIaOHtob8Qc9BTrYo7VuI5fR8tqsy+buA2WFooR5olqvQ==}
    engines: {node: '>=0.4.0'}
    hasBin: true
    dev: true

  /ansi-styles/4.3.0:
    resolution: {integrity: sha512-zbB9rCJAT1rbjiVDb2hqKFHNYLxgtk8NURxZ3IZwD3F6NtxbXZQCnnSi1Lkx+IDohdPlFp222wVALIheZJQSEg==}
    engines: {node: '>=8'}
    dependencies:
      color-convert: 2.0.1
    dev: true

  /chalk/4.1.2:
    resolution: {integrity: sha512-oKnbhFyRIXpUuez8iBMmyEa4nbj4IOQyuhc/wy9kY7/WVPcwIO9VA668Pu8RkO7+0G76SLROeyw9CpQ061i4mA==}
    engines: {node: '>=10'}
    dependencies:
      ansi-styles: 4.3.0
      supports-color: 7.2.0
    dev: true

  /color-convert/2.0.1:
    resolution: {integrity: sha512-RRECPsj7iu/xb5oKYcsFHSppFNnsj/52OVTRKb4zP5onXwVF3zVmmToNcOfGC+CRDpfK/U584fMg38ZHCaElKQ==}
    engines: {node: '>=7.0.0'}
    dependencies:
      color-name: 1.1.4
    dev: true

  /color-name/1.1.4:
    resolution: {integrity: sha512-dOy+3AuW3a2wNbZHIuMZpTcgjGuLU/uBL/ubcZF9OXbDo8ff4O8yVp5Bf0efS8uEoYo5q4Fx7dY9OgQGXgAsQA==}
    dev: true

  /commander/7.2.0:
    resolution: {integrity: sha512-QrWXB+ZQSVPmIWIhtEO9H+gwHaMGYiF5ChvoJ+K9ZGHG/sVsa6yiesAD1GC/x46sET00Xlwo1u49RVVVzvcSkw==}
    engines: {node: '>= 10'}
    dev: true

  /csstype/3.0.10:
    resolution: {integrity: sha512-2u44ZG2OcNUO9HDp/Jl8C07x6pU/eTR3ncV91SiK3dhG9TWvRVsCoJw14Ckx5DgWkzGA3waZWO3d7pgqpUI/XA==}
    dev: true

  /duplexer/0.1.2:
    resolution: {integrity: sha512-jtD6YG370ZCIi/9GTaJKQxWTZD045+4R4hTk/x1UyoqadyJ9x9CgSi1RlVDQF8U2sxLLSnFkCaMihqljHIWgMg==}
    dev: true

  /esbuild-android-arm64/0.14.5:
    resolution: {integrity: sha512-Sl6ysm7OAZZz+X3Mv3tOPhjMuSxNmztgoXH4ZZ3Yhbje5emEY6qiTnv3vBSljDlUl/yGaIjqC44qlj8s8G71xA==}
    cpu: [arm64]
    os: [android]
    requiresBuild: true
    dev: true
    optional: true

  /esbuild-darwin-64/0.14.5:
    resolution: {integrity: sha512-VHZl23sM9BOZXcLxk1vTYls8TCAY+/3llw9vHKIWAHDHzBBOlVv26ORK8gnStNMqTjCSGSMoq4T5jOZf2WrJPQ==}
    cpu: [x64]
    os: [darwin]
    requiresBuild: true
    dev: true
    optional: true

  /esbuild-darwin-arm64/0.14.5:
    resolution: {integrity: sha512-ugPOLgEQPoPLSqAFBajaczt+lcbUZR+V2fby3572h5jf/kFV6UL8LAZ1Ze58hcbKwfvbh4C09kp0PhqPgXKwOg==}
    cpu: [arm64]
    os: [darwin]
    requiresBuild: true
    dev: true
    optional: true

  /esbuild-freebsd-64/0.14.5:
    resolution: {integrity: sha512-uP0yOixSHF505o/Kzq9e4bvZblCZp9GGx+a7enLOVSuvIvLmtj2yhZLRPGfbVNkPJXktTKNRAnNGkXHl53M6sw==}
    cpu: [x64]
    os: [freebsd]
    requiresBuild: true
    dev: true
    optional: true

  /esbuild-freebsd-arm64/0.14.5:
    resolution: {integrity: sha512-M99NPu8hlirFo6Fgx0WfX6XxUFdGclUNv3MyyfDtTdNYbccMESwLSACGpE7HvJKWscdjaqajeMu2an9adGNfCw==}
    cpu: [arm64]
    os: [freebsd]
    requiresBuild: true
    dev: true
    optional: true

  /esbuild-linux-32/0.14.5:
    resolution: {integrity: sha512-hfqln4yb/jf/vPvI/A6aCvpIzqF3PdDmrKiikTohEUuRtvEZz234krtNwEAw5ssCue4NX8BJqrMpCTAHOl3LQw==}
    cpu: [ia32]
    os: [linux]
    requiresBuild: true
    dev: true
    optional: true

  /esbuild-linux-64/0.14.5:
    resolution: {integrity: sha512-T+OuYPlhytjj5DsvjUXizNjbV+/IrZiaDc9SNUfqiUOXHu0URFqchjhPVbBiBnWykCMJFB6pqNap2Oxth4iuYw==}
    cpu: [x64]
    os: [linux]
    requiresBuild: true
    dev: true
    optional: true

  /esbuild-linux-arm/0.14.5:
    resolution: {integrity: sha512-5b10jKJ3lU4BUchOw9TgRResu8UZJf8qVjAzV5muHedonCfBzClGTT4KCNuOcLTJomH3wz6gNVJt1AxMglXnJg==}
    cpu: [arm]
    os: [linux]
    requiresBuild: true
    dev: true
    optional: true

  /esbuild-linux-arm64/0.14.5:
    resolution: {integrity: sha512-ANOzoaH4kfbhEZT0EGY9g1tsZhDA+I0FRwBsj7D8pCU900pXF/l8YAOy5jWFQIb3vjG5+orFc5SqSzAKCisvTQ==}
    cpu: [arm64]
    os: [linux]
    requiresBuild: true
    dev: true
    optional: true

  /esbuild-linux-mips64le/0.14.5:
    resolution: {integrity: sha512-sSmGfOUNNB2Nd3tzp1RHSxiJmM5/RUIEP5aAtH+PpOP7FPp15Jcfwq7UNBJ82KLN3SJcwhUeEfcCaUFBzbTKxg==}
    cpu: [mips64el]
    os: [linux]
    requiresBuild: true
    dev: true
    optional: true

  /esbuild-linux-ppc64le/0.14.5:
    resolution: {integrity: sha512-usfQrVVIQcpuc/U2NWc7/Ry+m622v+PjJ5eErNPdjWBPlcvD6kXaBTv94uQkVzZOHX3uYqprRrOjseed9ApSYA==}
    cpu: [ppc64]
    os: [linux]
    requiresBuild: true
    dev: true
    optional: true

  /esbuild-netbsd-64/0.14.5:
    resolution: {integrity: sha512-Q5KpvPZcPnNEaTjrvuWqvEnlhI2jyi1wWwYunlEUAhx60spQOTy10sdYOA+s1M+LPb6kwvasrZZDmYyQlcVZeA==}
    cpu: [x64]
    os: [netbsd]
    requiresBuild: true
    dev: true
    optional: true

  /esbuild-openbsd-64/0.14.5:
    resolution: {integrity: sha512-RZzRUu1RYKextJgXkHhAsuhLDvm73YP/wogpUG9MaAGvKTxnKAKRuaw2zJfnbz8iBqBQB2no2PmpVBNbqUTQrw==}
    cpu: [x64]
    os: [openbsd]
    requiresBuild: true
    dev: true
    optional: true

  /esbuild-sunos-64/0.14.5:
    resolution: {integrity: sha512-J2ffKsBBWscQlye+/giEgKsQCppwHHFqqt/sh+ojVF+DZy1ve6RpPGwXGcGF6IaZTAI9+Vk4eHleiQxb+PC9Yw==}
    cpu: [x64]
    os: [sunos]
    requiresBuild: true
    dev: true
    optional: true

  /esbuild-windows-32/0.14.5:
    resolution: {integrity: sha512-OTZvuAc1JBnwmeT+hR1+Vmgz6LOD7DggpnwtKMAExruSLxUMl02Z3pyalJ7zKh3gJ/KBRM1JQZLSk4/mFWijeQ==}
    cpu: [ia32]
    os: [win32]
    requiresBuild: true
    dev: true
    optional: true

  /esbuild-windows-64/0.14.5:
    resolution: {integrity: sha512-ZM9rlBDsPEeMVJ1wcpNMXUad9VzYOFeOBUXBi+16HZTvFPy2DkcC2ZWcrByP3IESToD5lvHdjSX/w8rxphjqig==}
    cpu: [x64]
    os: [win32]
    requiresBuild: true
    dev: true
    optional: true

  /esbuild-windows-arm64/0.14.5:
    resolution: {integrity: sha512-iK41mKG2LG0AKHE+9g/jDYU5ZQpJObt1uIPSGTiiiJKI5qbHdEck6Gaqq2tmBI933F2zB9yqZIX7IAdxwN/q4A==}
    cpu: [arm64]
    os: [win32]
    requiresBuild: true
    dev: true
    optional: true

  /esbuild/0.14.5:
    resolution: {integrity: sha512-ofwgH4ITPXhkMo2AM39oXpSe5KIyWjxicdqYVy+tLa1lMgxzPCKwaepcrSRtYbgTUMXwquxB1C3xQYpUNaPAFA==}
    hasBin: true
    requiresBuild: true
    optionalDependencies:
      esbuild-android-arm64: 0.14.5
      esbuild-darwin-64: 0.14.5
      esbuild-darwin-arm64: 0.14.5
      esbuild-freebsd-64: 0.14.5
      esbuild-freebsd-arm64: 0.14.5
      esbuild-linux-32: 0.14.5
      esbuild-linux-64: 0.14.5
      esbuild-linux-arm: 0.14.5
      esbuild-linux-arm64: 0.14.5
      esbuild-linux-mips64le: 0.14.5
      esbuild-linux-ppc64le: 0.14.5
      esbuild-netbsd-64: 0.14.5
      esbuild-openbsd-64: 0.14.5
      esbuild-sunos-64: 0.14.5
      esbuild-windows-32: 0.14.5
      esbuild-windows-64: 0.14.5
      esbuild-windows-arm64: 0.14.5
    dev: true

  /gzip-size/6.0.0:
    resolution: {integrity: sha512-ax7ZYomf6jqPTQ4+XCpUGyXKHk5WweS+e05MBO4/y3WJ5RkmPXNKvX+bx1behVILVwr6JSQvZAku021CHPXG3Q==}
    engines: {node: '>=10'}
    dependencies:
      duplexer: 0.1.2
    dev: true

  /has-flag/4.0.0:
    resolution: {integrity: sha512-EykJT/Q1KjTWctppgIAgfSO0tKVuZUjhgMr17kqTumMl6Afv3EISleU7qZUzoXDFTAHTDC4NOoG/ZxU3EvlMPQ==}
    engines: {node: '>=8'}
    dev: true

  /js-tokens/4.0.0:
    resolution: {integrity: sha512-RdJUflcE3cUzKiMqQgsCu06FPu9UdIJO0beYbPhHN4k6apgJtifcoCtT9bcxOpYBtpD2kCM6Sbzg4CausW/PKQ==}
    dev: false

  /lodash/4.17.21:
    resolution: {integrity: sha512-v2kDEe57lecTulaDIuNTPy3Ry4gLGJ6Z1O3vE1krgXZNrsQ+LFTGHVxVjcXPs17LhbZVGedAJv8XZ1tvj5FvSg==}
    dev: true

  /loose-envify/1.4.0:
    resolution: {integrity: sha512-lyuxPGr/Wfhrlem2CL/UcnUc1zcqKAImBDzukY7Y5F/yQiNdko6+fRLevlw1HgMySw7f611UIY408EtxRSoK3Q==}
    hasBin: true
    dependencies:
      js-tokens: 4.0.0
    dev: false

  /mrmime/1.0.0:
    resolution: {integrity: sha512-a70zx7zFfVO7XpnQ2IX1Myh9yY4UYvfld/dikWRnsXxbyvMcfz+u6UfgNAtH+k2QqtJuzVpv6eLTx1G2+WKZbQ==}
    engines: {node: '>=10'}
    dev: true

  /object-assign/4.1.1:
    resolution: {integrity: sha1-IQmtx5ZYh8/AXLvUQsrIv7s2CGM=}
    engines: {node: '>=0.10.0'}
    dev: false

  /opener/1.5.2:
    resolution: {integrity: sha512-ur5UIdyw5Y7yEj9wLzhqXiy6GZ3Mwx0yGI+5sMn2r0N0v3cKJvUmFH5yPP+WXh9e0xfyzyJX95D8l088DNFj7A==}
    hasBin: true
    dev: true

  /react-dom/17.0.2_react@17.0.2:
    resolution: {integrity: sha512-s4h96KtLDUQlsENhMn1ar8t2bEa+q/YAtj8pPPdIjPDGBDIVNsrD9aXNWqspUe6AzKCIG0C1HZZLqLV7qpOBGA==}
    peerDependencies:
      react: 17.0.2
    dependencies:
      loose-envify: 1.4.0
      object-assign: 4.1.1
      react: 17.0.2
      scheduler: 0.20.2
    dev: false

  /react/17.0.2:
    resolution: {integrity: sha512-gnhPt75i/dq/z3/6q/0asP78D0u592D5L1pd7M8P+dck6Fu/jJeL6iVVK23fptSUZj8Vjf++7wXA8UNclGQcbA==}
    engines: {node: '>=0.10.0'}
    dependencies:
      loose-envify: 1.4.0
      object-assign: 4.1.1
    dev: false

  /scheduler/0.20.2:
    resolution: {integrity: sha512-2eWfGgAqqWFGqtdMmcL5zCMK1U8KlXv8SQFGglL3CEtd0aDVDWgeF/YoCmvln55m5zSk3J/20hTaSBeSObsQDQ==}
    dependencies:
      loose-envify: 1.4.0
      object-assign: 4.1.1
    dev: false

  /sirv/1.0.19:
    resolution: {integrity: sha512-JuLThK3TnZG1TAKDwNIqNq6QA2afLOCcm+iE8D1Kj3GA40pSPsxQjjJl0J8X3tsR7T+CP1GavpzLwYkgVLWrZQ==}
    engines: {node: '>= 10'}
    dependencies:
      '@polka/url': 1.0.0-next.21
      mrmime: 1.0.0
      totalist: 1.1.0
    dev: true

  /supports-color/7.2.0:
    resolution: {integrity: sha512-qpCAvRl9stuOHveKsn7HncJRvv501qIacKzQlO/+Lwxc9+0q2wLyv4Dfvt80/DPn2pqOBsJdDiogXGR9+OvwRw==}
    engines: {node: '>=8'}
    dependencies:
      has-flag: 4.0.0
    dev: true

  /totalist/1.1.0:
    resolution: {integrity: sha512-gduQwd1rOdDMGxFG1gEvhV88Oirdo2p+KjoYFU7k2g+i7n6AFFbDQ5kMPUsW0pNbfQsB/cwXvT1i4Bue0s9g5g==}
    engines: {node: '>=6'}
    dev: true

  /typescript/4.5.5:
    resolution: {integrity: sha512-TCTIul70LyWe6IJWT8QSYeA54WQe8EjQFU4wY52Fasj5UKx88LNYKCgBEHcOMOrFF1rKGbD8v/xcNWVUq9SymA==}
    engines: {node: '>=4.2.0'}
    hasBin: true
    dev: true

  /webpack-bundle-analyzer/4.5.0:
    resolution: {integrity: sha512-GUMZlM3SKwS8Z+CKeIFx7CVoHn3dXFcUAjT/dcZQQmfSZGvitPfMob2ipjai7ovFFqPvTqkEZ/leL4O0YOdAYQ==}
    engines: {node: '>= 10.13.0'}
    hasBin: true
    dependencies:
      acorn: 8.7.0
      acorn-walk: 8.2.0
      chalk: 4.1.2
      commander: 7.2.0
      gzip-size: 6.0.0
      lodash: 4.17.21
      opener: 1.5.2
      sirv: 1.0.19
      ws: 7.5.6
    transitivePeerDependencies:
      - bufferutil
      - utf-8-validate
    dev: true

  /ws/7.5.6:
    resolution: {integrity: sha512-6GLgCqo2cy2A2rjCNFlxQS6ZljG/coZfZXclldI8FB/1G3CCI36Zd8xy2HrFVACi8tfk5XrgLQEk+P0Tnz9UcA==}
    engines: {node: '>=8.3.0'}
    peerDependencies:
      bufferutil: ^4.0.1
      utf-8-validate: ^5.0.2
    peerDependenciesMeta:
      bufferutil:
        optional: true
      utf-8-validate:
        optional: true
    dev: true
